
Microsoft Visual Studio Solution File, Format Version 12.00
# Visual Studio 15
VisualStudioVersion = 15.0.27428.2027
MinimumVisualStudioVersion = 10.0.40219.1
Project("{FAE04EC0-301F-11D3-BF4B-00C04F79EFBC}") = "DemoAdoNet", "DemoAdoNet\DemoAdoNet.csproj", "{1F8760CD-2B12-41C2-AD7D-8FCABFA521FF}"
EndProject
Global
	GlobalSection(SolutionConfigurationPlatforms) = preSolution
		Debug|Any CPU = Debug|Any CPU
		Release|Any CPU = Release|Any CPU
	EndGlobalSection
	GlobalSection(ProjectConfigurationPlatforms) = postSolution
		{1F8760CD-2B12-41C2-AD7D-8FCABFA521FF}.Debug|Any CPU.ActiveCfg = Debug|Any CPU
		{1F8760CD-2B12-41C2-AD7D-8FCABFA521FF}.Debug|Any CPU.Build.0 = Debug|Any CPU
		{1F8760CD-2B12-41C2-AD7D-8FCABFA521FF}.Release|Any CPU.ActiveCfg = Release|Any CPU
		{1F8760CD-2B12-41C2-AD7D-8FCABFA521FF}.Release|Any CPU.Build.0 = Release|Any CPU
	EndGlobalSection
	GlobalSection(SolutionProperties) = preSolution
		HideSolutionNode = FALSE
	EndGlobalSection
	GlobalSection(ExtensibilityGlobals) = postSolution
		SolutionGuid = {6E03C65B-BD5C-4BAF-A626-A31486C3971C}
	EndGlobalSection
EndGlobal
